
Microsoft Visual Studio Solution File, Format Version 12.00
# Visual Studio Version 17
VisualStudioVersion = 17.0.31903.59
MinimumVisualStudioVersion = 10.0.40219.1
Project("{FAE04EC0-301F-11D3-BF4B-00C04F79EFBC}") = "Blythethon", "Blythethon\Blythethon.csproj", "{83FE2200-7B1A-49BB-B3D5-168BBDD68764}"
EndProject
Project("{F2A71F9B-5D33-465A-A702-920D77279786}") = "Engine", "Engine\Engine.fsproj", "{5176C7D6-11CA-41A0-BB48-C6CB6C6A958F}"
EndProject
Global
	GlobalSection(SolutionConfigurationPlatforms) = preSolution
		Debug|Any CPU = Debug|Any CPU
		Release|Any CPU = Release|Any CPU
	EndGlobalSection
	GlobalSection(SolutionProperties) = preSolution
		HideSolutionNode = FALSE
	EndGlobalSection
	GlobalSection(ProjectConfigurationPlatforms) = postSolution
		{83FE2200-7B1A-49BB-B3D5-168BBDD68764}.Debug|Any CPU.ActiveCfg = Debug|Any CPU
		{83FE2200-7B1A-49BB-B3D5-168BBDD68764}.Debug|Any CPU.Build.0 = Debug|Any CPU
		{83FE2200-7B1A-49BB-B3D5-168BBDD68764}.Release|Any CPU.ActiveCfg = Release|Any CPU
		{83FE2200-7B1A-49BB-B3D5-168BBDD68764}.Release|Any CPU.Build.0 = Release|Any CPU
		{5176C7D6-11CA-41A0-BB48-C6CB6C6A958F}.Debug|Any CPU.ActiveCfg = Debug|Any CPU
		{5176C7D6-11CA-41A0-BB48-C6CB6C6A958F}.Debug|Any CPU.Build.0 = Debug|Any CPU
		{5176C7D6-11CA-41A0-BB48-C6CB6C6A958F}.Release|Any CPU.ActiveCfg = Release|Any CPU
		{5176C7D6-11CA-41A0-BB48-C6CB6C6A958F}.Release|Any CPU.Build.0 = Release|Any CPU
	EndGlobalSection
EndGlobal
